{
  "name": "playwright-api-monorepo",
  "version": "1.0.0",
  "lockfileVersion": 3,
  "requires": true,
  "packages": {
    "": {
      "name": "playwright-api-monorepo",
      "version": "1.0.0",
      "license": "ISC",
      "workspaces": [
        "apps/_API/*",
        "packages/*"
      ],
      "devDependencies": {
        "turbo": "^2.0.0",
        "typescript": "^5.8.3"
      }
    },
    "apps/_API/rqi.api.documentManagement": {
      "name": "@apps/rqi.api.documentmanagement",
      "version": "1.0.0",
      "dependencies": {
        "@repo/common-utility": "1.0.0"
      },
      "devDependencies": {
        "@playwright/test": "^1.59.1",
        "@types/node": "^25.6.0"
      }
    },
    "apps/_API/rqi.api.neuron": {
      "name": "@apps/rqi.api.neuron",
      "version": "1.0.0",
      "dependencies": {
        "@repo/common-utility": "1.0.0"
      },
      "devDependencies": {
        "@playwright/test": "^1.59.1",
        "@types/node": "^25.6.0"
      }
    },
    "node_modules/@apps/rqi.api.documentmanagement": {
      "resolved": "apps/_API/rqi.api.documentManagement",
      "link": true
    },
    "node_modules/@apps/rqi.api.neuron": {
      "resolved": "apps/_API/rqi.api.neuron",
      "link": true
    },
    "node_modules/@playwright/test": {
      "version": "1.59.1",
      "license": "Apache-2.0",
      "dependencies": {
        "playwright": "1.59.1"
      },
      "bin": {
        "playwright": "cli.js"
      },
      "engines": {
        "node": ">=18"
      }
    },
    "node_modules/@repo/common-utility": {
      "resolved": "packages/common-utility",
      "link": true
    },
    "node_modules/@turbo/windows-64": {
      "version": "2.9.9",
      "cpu": [
        "x64"
      ],
      "dev": true,
      "license": "MIT",
      "optional": true,
      "os": [
        "win32"
      ]
    },
    "node_modules/@types/crypto-js": {
      "version": "4.2.2",
      "dev": true,
      "license": "MIT"
    },
    "node_modules/@types/node": {
      "version": "25.6.0",
      "dev": true,
      "license": "MIT",
      "dependencies": {
        "undici-types": "~7.19.0"
      }
    },
    "node_modules/crypto-js": {
      "version": "4.2.0",
      "license": "MIT"
    },
    "node_modules/dotenv": {
      "version": "17.4.2",
      "license": "BSD-2-Clause",
      "engines": {
        "node": ">=12"
      },
      "funding": {
        "url": "https://dotenvx.com"
      }
    },
    "node_modules/playwright": {
      "version": "1.59.1",
      "license": "Apache-2.0",
      "dependencies": {
        "playwright-core": "1.59.1"
      },
      "bin": {
        "playwright": "cli.js"
      },
      "engines": {
        "node": ">=18"
      },
      "optionalDependencies": {
        "fsevents": "2.3.2"
      }
    },
    "node_modules/playwright-core": {
      "version": "1.59.1",
      "license": "Apache-2.0",
      "bin": {
        "playwright-core": "cli.js"
      },
      "engines": {
        "node": ">=18"
      }
    },
    "node_modules/turbo": {
      "version": "2.9.9",
      "dev": true,
      "license": "MIT",
      "bin": {
        "turbo": "bin/turbo"
      },
      "optionalDependencies": {
        "@turbo/darwin-64": "2.9.9",
        "@turbo/darwin-arm64": "2.9.9",
        "@turbo/linux-64": "2.9.9",
        "@turbo/linux-arm64": "2.9.9",
        "@turbo/windows-64": "2.9.9",
        "@turbo/windows-arm64": "2.9.9"
      }
    },
    "node_modules/typescript": {
      "version": "5.9.3",
      "dev": true,
      "license": "Apache-2.0",
      "bin": {
        "tsc": "bin/tsc",
        "tsserver": "bin/tsserver"
      },
      "engines": {
        "node": ">=14.17"
      }
    },
    "node_modules/undici-types": {
      "version": "7.19.2",
      "dev": true,
      "license": "MIT"
    },
    "packages/common-utility": {
      "name": "@repo/common-utility",
      "version": "1.0.0",
      "dependencies": {
        "@playwright/test": "^1.59.1",
        "crypto-js": "^4.2.0",
        "dotenv": "^17.4.2"
      },
      "devDependencies": {
        "@types/crypto-js": "^4.2.2",
        "@types/node": "^25.6.0"
      }
    }
  }
}
